
Microsoft Visual Studio Solution File, Format Version 12.00
# Visual Studio Version 17
VisualStudioVersion = 17.11.35431.28
MinimumVisualStudioVersion = 10.0.40219.1
Project("{FAE04EC0-301F-11D3-BF4B-00C04F79EFBC}") = "Hearth.OcelotGw", "Hearth.OcelotGw\Hearth.OcelotGw.csproj", "{A42E7FF5-3235-442F-846B-62140CB58C44}"
EndProject
Project("{FAE04EC0-301F-11D3-BF4B-00C04F79EFBC}") = "Hearth.TestGwAService", "Hearth.TestGwAService\Hearth.TestGwAService.csproj", "{93031DFC-48E5-438A-A8AC-6291DF3BAC20}"
EndProject
Project("{FAE04EC0-301F-11D3-BF4B-00C04F79EFBC}") = "Hearth.TestGwBService", "Hearth.TestGwBService\Hearth.TestGwBService.csproj", "{21B7CDF1-C277-42C4-BC67-B408DFAFAB9F}"
EndProject
Project("{FAE04EC0-301F-11D3-BF4B-00C04F79EFBC}") = "Hearth.AuthService", "Hearth.AuthService\Hearth.AuthService.csproj", "{2461286F-0EF2-41D0-AD2C-D76D05D816CE}"
EndProject
Global
	GlobalSection(SolutionConfigurationPlatforms) = preSolution
		Debug|Any CPU = Debug|Any CPU
		Release|Any CPU = Release|Any CPU
	EndGlobalSection
	GlobalSection(ProjectConfigurationPlatforms) = postSolution
		{A42E7FF5-3235-442F-846B-62140CB58C44}.Debug|Any CPU.ActiveCfg = Debug|Any CPU
		{A42E7FF5-3235-442F-846B-62140CB58C44}.Debug|Any CPU.Build.0 = Debug|Any CPU
		{A42E7FF5-3235-442F-846B-62140CB58C44}.Release|Any CPU.ActiveCfg = Release|Any CPU
		{A42E7FF5-3235-442F-846B-62140CB58C44}.Release|Any CPU.Build.0 = Release|Any CPU
		{93031DFC-48E5-438A-A8AC-6291DF3BAC20}.Debug|Any CPU.ActiveCfg = Debug|Any CPU
		{93031DFC-48E5-438A-A8AC-6291DF3BAC20}.Debug|Any CPU.Build.0 = Debug|Any CPU
		{93031DFC-48E5-438A-A8AC-6291DF3BAC20}.Release|Any CPU.ActiveCfg = Release|Any CPU
		{93031DFC-48E5-438A-A8AC-6291DF3BAC20}.Release|Any CPU.Build.0 = Release|Any CPU
		{21B7CDF1-C277-42C4-BC67-B408DFAFAB9F}.Debug|Any CPU.ActiveCfg = Debug|Any CPU
		{21B7CDF1-C277-42C4-BC67-B408DFAFAB9F}.Debug|Any CPU.Build.0 = Debug|Any CPU
		{21B7CDF1-C277-42C4-BC67-B408DFAFAB9F}.Release|Any CPU.ActiveCfg = Release|Any CPU
		{21B7CDF1-C277-42C4-BC67-B408DFAFAB9F}.Release|Any CPU.Build.0 = Release|Any CPU
		{2461286F-0EF2-41D0-AD2C-D76D05D816CE}.Debug|Any CPU.ActiveCfg = Debug|Any CPU
		{2461286F-0EF2-41D0-AD2C-D76D05D816CE}.Debug|Any CPU.Build.0 = Debug|Any CPU
		{2461286F-0EF2-41D0-AD2C-D76D05D816CE}.Release|Any CPU.ActiveCfg = Release|Any CPU
		{2461286F-0EF2-41D0-AD2C-D76D05D816CE}.Release|Any CPU.Build.0 = Release|Any CPU
	EndGlobalSection
	GlobalSection(SolutionProperties) = preSolution
		HideSolutionNode = FALSE
	EndGlobalSection
	GlobalSection(ExtensibilityGlobals) = postSolution
		SolutionGuid = {CBB13F35-A4D2-4A48-B9AF-A0A06B6FD867}
	EndGlobalSection
EndGlobal
