
Microsoft Visual Studio Solution File, Format Version 12.00
# Visual Studio Version 17
VisualStudioVersion = 17.4.33205.214
MinimumVisualStudioVersion = 10.0.40219.1
Project("{FAE04EC0-301F-11D3-BF4B-00C04F79EFBC}") = "TestCompileApp", "TestCompileApp\TestCompileApp.csproj", "{0A00AB20-7C64-4C6B-84DB-4278BCB2FD95}"
EndProject
Global
	GlobalSection(SolutionConfigurationPlatforms) = preSolution
		Debug|Any CPU = Debug|Any CPU
		Release|Any CPU = Release|Any CPU
	EndGlobalSection
	GlobalSection(ProjectConfigurationPlatforms) = postSolution
		{0A00AB20-7C64-4C6B-84DB-4278BCB2FD95}.Debug|Any CPU.ActiveCfg = Debug|Any CPU
		{0A00AB20-7C64-4C6B-84DB-4278BCB2FD95}.Debug|Any CPU.Build.0 = Debug|Any CPU
		{0A00AB20-7C64-4C6B-84DB-4278BCB2FD95}.Release|Any CPU.ActiveCfg = Release|Any CPU
		{0A00AB20-7C64-4C6B-84DB-4278BCB2FD95}.Release|Any CPU.Build.0 = Release|Any CPU
	EndGlobalSection
	GlobalSection(SolutionProperties) = preSolution
		HideSolutionNode = FALSE
	EndGlobalSection
	GlobalSection(ExtensibilityGlobals) = postSolution
		SolutionGuid = {91FF8915-7A02-4C61-9CBB-2729034946E0}
	EndGlobalSection
EndGlobal
