
Microsoft Visual Studio Solution File, Format Version 12.00
# Visual Studio Version 17
VisualStudioVersion = 17.8.34408.163
MinimumVisualStudioVersion = 10.0.40219.1
Project("{9A19103F-16F7-4668-BE54-9A1E7A4F7556}") = "TestMinio", "TestMinio\TestMinio.csproj", "{D86DEE40-FCCD-48A9-AD09-92E70056A611}"
EndProject
Project("{FAE04EC0-301F-11D3-BF4B-00C04F79EFBC}") = "TestMinioConsoleApp", "TestMinioConsoleApp\TestMinioConsoleApp.csproj", "{E09FE0E3-E4A3-4030-8983-D37EFE5CE667}"
EndProject
Global
	GlobalSection(SolutionConfigurationPlatforms) = preSolution
		Debug|Any CPU = Debug|Any CPU
		Release|Any CPU = Release|Any CPU
	EndGlobalSection
	GlobalSection(ProjectConfigurationPlatforms) = postSolution
		{D86DEE40-FCCD-48A9-AD09-92E70056A611}.Debug|Any CPU.ActiveCfg = Debug|Any CPU
		{D86DEE40-FCCD-48A9-AD09-92E70056A611}.Debug|Any CPU.Build.0 = Debug|Any CPU
		{D86DEE40-FCCD-48A9-AD09-92E70056A611}.Release|Any CPU.ActiveCfg = Release|Any CPU
		{D86DEE40-FCCD-48A9-AD09-92E70056A611}.Release|Any CPU.Build.0 = Release|Any CPU
		{E09FE0E3-E4A3-4030-8983-D37EFE5CE667}.Debug|Any CPU.ActiveCfg = Debug|Any CPU
		{E09FE0E3-E4A3-4030-8983-D37EFE5CE667}.Debug|Any CPU.Build.0 = Debug|Any CPU
		{E09FE0E3-E4A3-4030-8983-D37EFE5CE667}.Release|Any CPU.ActiveCfg = Release|Any CPU
		{E09FE0E3-E4A3-4030-8983-D37EFE5CE667}.Release|Any CPU.Build.0 = Release|Any CPU
	EndGlobalSection
	GlobalSection(SolutionProperties) = preSolution
		HideSolutionNode = FALSE
	EndGlobalSection
	GlobalSection(ExtensibilityGlobals) = postSolution
		SolutionGuid = {A616747A-C5E3-48CB-A1D3-4B4F25D79791}
	EndGlobalSection
EndGlobal
